
Microsoft Visual Studio Solution File, Format Version 12.00
# Visual Studio Version 17
VisualStudioVersion = 17.8.34525.116
MinimumVisualStudioVersion = 10.0.40219.1
Project("{FAE04EC0-301F-11D3-BF4B-00C04F79EFBC}") = "Practice Theme 6", "Practice Theme 6.csproj", "{FDA38A8E-1379-4A37-AE9E-D41A37C2F393}"
EndProject
Global
	GlobalSection(SolutionConfigurationPlatforms) = preSolution
		Debug|Any CPU = Debug|Any CPU
		Release|Any CPU = Release|Any CPU
	EndGlobalSection
	GlobalSection(ProjectConfigurationPlatforms) = postSolution
		{FDA38A8E-1379-4A37-AE9E-D41A37C2F393}.Debug|Any CPU.ActiveCfg = Debug|Any CPU
		{FDA38A8E-1379-4A37-AE9E-D41A37C2F393}.Debug|Any CPU.Build.0 = Debug|Any CPU
		{FDA38A8E-1379-4A37-AE9E-D41A37C2F393}.Release|Any CPU.ActiveCfg = Release|Any CPU
		{FDA38A8E-1379-4A37-AE9E-D41A37C2F393}.Release|Any CPU.Build.0 = Release|Any CPU
	EndGlobalSection
	GlobalSection(SolutionProperties) = preSolution
		HideSolutionNode = FALSE
	EndGlobalSection
	GlobalSection(ExtensibilityGlobals) = postSolution
		SolutionGuid = {F5A3E303-D583-4E0A-A3F8-3B9CC3625EEB}
	EndGlobalSection
EndGlobal
